
Microsoft Visual Studio Solution File, Format Version 12.00
# Visual Studio 15
VisualStudioVersion = 15.0.28307.960
MinimumVisualStudioVersion = 10.0.40219.1
Project("{FAE04EC0-301F-11D3-BF4B-00C04F79EFBC}") = "MessageClasses", "MessageClasses\MessageClasses.csproj", "{A005C3E2-6CBA-4A96-9B03-C644D63F2B2A}"
EndProject
Global
	GlobalSection(SolutionConfigurationPlatforms) = preSolution
		Debug|Any CPU = Debug|Any CPU
		Release|Any CPU = Release|Any CPU
	EndGlobalSection
	GlobalSection(ProjectConfigurationPlatforms) = postSolution
		{A005C3E2-6CBA-4A96-9B03-C644D63F2B2A}.Debug|Any CPU.ActiveCfg = Debug|Any CPU
		{A005C3E2-6CBA-4A96-9B03-C644D63F2B2A}.Debug|Any CPU.Build.0 = Debug|Any CPU
		{A005C3E2-6CBA-4A96-9B03-C644D63F2B2A}.Release|Any CPU.ActiveCfg = Release|Any CPU
		{A005C3E2-6CBA-4A96-9B03-C644D63F2B2A}.Release|Any CPU.Build.0 = Release|Any CPU
	EndGlobalSection
	GlobalSection(SolutionProperties) = preSolution
		HideSolutionNode = FALSE
	EndGlobalSection
	GlobalSection(ExtensibilityGlobals) = postSolution
		SolutionGuid = {540C74A8-E94D-444F-A3C2-F25C3D84C713}
	EndGlobalSection
EndGlobal
